
Microsoft Visual Studio Solution File, Format Version 12.00
# Visual Studio Version 17
VisualStudioVersion = 17.4.33205.214
MinimumVisualStudioVersion = 10.0.40219.1
Project("{FAE04EC0-301F-11D3-BF4B-00C04F79EFBC}") = "NewProject.Web", "NewProject.Web\NewProject.Web.csproj", "{C0651A4A-C4C6-4442-B67B-FF368C649B2D}"
EndProject
Global
	GlobalSection(SolutionConfigurationPlatforms) = preSolution
		Debug|Any CPU = Debug|Any CPU
		Release|Any CPU = Release|Any CPU
	EndGlobalSection
	GlobalSection(ProjectConfigurationPlatforms) = postSolution
		{C0651A4A-C4C6-4442-B67B-FF368C649B2D}.Debug|Any CPU.ActiveCfg = Debug|Any CPU
		{C0651A4A-C4C6-4442-B67B-FF368C649B2D}.Debug|Any CPU.Build.0 = Debug|Any CPU
		{C0651A4A-C4C6-4442-B67B-FF368C649B2D}.Release|Any CPU.ActiveCfg = Release|Any CPU
		{C0651A4A-C4C6-4442-B67B-FF368C649B2D}.Release|Any CPU.Build.0 = Release|Any CPU
	EndGlobalSection
	GlobalSection(SolutionProperties) = preSolution
		HideSolutionNode = FALSE
	EndGlobalSection
	GlobalSection(ExtensibilityGlobals) = postSolution
		SolutionGuid = {0AA8E8DF-B8D7-4081-B2F5-79FBD6B6F3BF}
	EndGlobalSection
EndGlobal
